
Microsoft Visual Studio Solution File, Format Version 12.00
# Visual Studio 14
VisualStudioVersion = 14.0.23107.0
MinimumVisualStudioVersion = 10.0.40219.1
Project("{FAE04EC0-301F-11D3-BF4B-00C04F79EFBC}") = "PropertyTaxCollectionCMS", "PropertyTaxCollectionCMS\PropertyTaxCollectionCMS.csproj", "{12D9D929-B498-415D-AE80-A31816413C7D}"
EndProject
Project("{2150E333-8FDC-42A3-9474-1A3956D46DE8}") = "1.Presentation Layer", "1.Presentation Layer", "{BC9CCE03-7C06-48CB-8A6E-5577116AE570}"
EndProject
Project("{FAE04EC0-301F-11D3-BF4B-00C04F79EFBC}") = "PropertyTaxCollectionCMS.Bll.Repository", "PropertyTaxCollectionCMS.Bll.Repository\PropertyTaxCollectionCMS.Bll.Repository.csproj", "{79C32C37-FEE8-4D2E-8E6A-8BEBC758F9CC}"
EndProject
Project("{FAE04EC0-301F-11D3-BF4B-00C04F79EFBC}") = "PropertyTaxCollectionCMS.Bll.ViewModels", "PropertyTaxCollectionCMS.Bll.ViewModels\PropertyTaxCollectionCMS.Bll.ViewModels.csproj", "{56175928-6050-476C-9444-A8734113AAA1}"
EndProject
Project("{2150E333-8FDC-42A3-9474-1A3956D46DE8}") = "2.Business Logic layer", "2.Business Logic layer", "{4ED4DBF4-038C-4AE9-BD91-88D567B2767A}"
EndProject
Project("{FAE04EC0-301F-11D3-BF4B-00C04F79EFBC}") = "PropertyTaxCollectionCMS.Dal.DataContexts", "PropertyTaxCollectionCMS.Dal.DataContexts\PropertyTaxCollectionCMS.Dal.DataContexts.csproj", "{0F154495-3642-4315-B0E0-5C10F7ADF749}"
EndProject
Project("{2150E333-8FDC-42A3-9474-1A3956D46DE8}") = "3.DataAccess Layer", "3.DataAccess Layer", "{C7FAD4B9-59BF-4BA7-BCB6-6D24D3B997D7}"
EndProject
Global
	GlobalSection(SolutionConfigurationPlatforms) = preSolution
		Debug|Any CPU = Debug|Any CPU
		Release|Any CPU = Release|Any CPU
	EndGlobalSection
	GlobalSection(ProjectConfigurationPlatforms) = postSolution
		{12D9D929-B498-415D-AE80-A31816413C7D}.Debug|Any CPU.ActiveCfg = Debug|Any CPU
		{12D9D929-B498-415D-AE80-A31816413C7D}.Debug|Any CPU.Build.0 = Debug|Any CPU
		{12D9D929-B498-415D-AE80-A31816413C7D}.Release|Any CPU.ActiveCfg = Release|Any CPU
		{12D9D929-B498-415D-AE80-A31816413C7D}.Release|Any CPU.Build.0 = Release|Any CPU
		{79C32C37-FEE8-4D2E-8E6A-8BEBC758F9CC}.Debug|Any CPU.ActiveCfg = Debug|Any CPU
		{79C32C37-FEE8-4D2E-8E6A-8BEBC758F9CC}.Debug|Any CPU.Build.0 = Debug|Any CPU
		{79C32C37-FEE8-4D2E-8E6A-8BEBC758F9CC}.Release|Any CPU.ActiveCfg = Release|Any CPU
		{79C32C37-FEE8-4D2E-8E6A-8BEBC758F9CC}.Release|Any CPU.Build.0 = Release|Any CPU
		{56175928-6050-476C-9444-A8734113AAA1}.Debug|Any CPU.ActiveCfg = Debug|Any CPU
		{56175928-6050-476C-9444-A8734113AAA1}.Debug|Any CPU.Build.0 = Debug|Any CPU
		{56175928-6050-476C-9444-A8734113AAA1}.Release|Any CPU.ActiveCfg = Release|Any CPU
		{56175928-6050-476C-9444-A8734113AAA1}.Release|Any CPU.Build.0 = Release|Any CPU
		{0F154495-3642-4315-B0E0-5C10F7ADF749}.Debug|Any CPU.ActiveCfg = Debug|Any CPU
		{0F154495-3642-4315-B0E0-5C10F7ADF749}.Debug|Any CPU.Build.0 = Debug|Any CPU
		{0F154495-3642-4315-B0E0-5C10F7ADF749}.Release|Any CPU.ActiveCfg = Release|Any CPU
		{0F154495-3642-4315-B0E0-5C10F7ADF749}.Release|Any CPU.Build.0 = Release|Any CPU
	EndGlobalSection
	GlobalSection(SolutionProperties) = preSolution
		HideSolutionNode = FALSE
	EndGlobalSection
	GlobalSection(NestedProjects) = preSolution
		{12D9D929-B498-415D-AE80-A31816413C7D} = {BC9CCE03-7C06-48CB-8A6E-5577116AE570}
		{79C32C37-FEE8-4D2E-8E6A-8BEBC758F9CC} = {4ED4DBF4-038C-4AE9-BD91-88D567B2767A}
		{56175928-6050-476C-9444-A8734113AAA1} = {4ED4DBF4-038C-4AE9-BD91-88D567B2767A}
		{0F154495-3642-4315-B0E0-5C10F7ADF749} = {C7FAD4B9-59BF-4BA7-BCB6-6D24D3B997D7}
	EndGlobalSection
EndGlobal
